
Microsoft Visual Studio Solution File, Format Version 12.00
# Visual Studio Version 17
VisualStudioVersion = 17.13.35931.197 d17.13
MinimumVisualStudioVersion = 10.0.40219.1
Project("{FAE04EC0-301F-11D3-BF4B-00C04F79EFBC}") = "Pong", "Pong.csproj", "{01FA160D-E0C7-4066-A036-BDC4233D2700}"
EndProject
Project("{FAE04EC0-301F-11D3-BF4B-00C04F79EFBC}") = "MonoGameLibrary", "..\MonoGameLibrary\MonoGameLibrary.csproj", "{D70FCFF3-8DA0-496F-97E1-C0D621A74E31}"
EndProject
Global
	GlobalSection(SolutionConfigurationPlatforms) = preSolution
		Debug|Any CPU = Debug|Any CPU
		Release|Any CPU = Release|Any CPU
	EndGlobalSection
	GlobalSection(ProjectConfigurationPlatforms) = postSolution
		{01FA160D-E0C7-4066-A036-BDC4233D2700}.Debug|Any CPU.ActiveCfg = Debug|Any CPU
		{01FA160D-E0C7-4066-A036-BDC4233D2700}.Debug|Any CPU.Build.0 = Debug|Any CPU
		{01FA160D-E0C7-4066-A036-BDC4233D2700}.Release|Any CPU.ActiveCfg = Release|Any CPU
		{01FA160D-E0C7-4066-A036-BDC4233D2700}.Release|Any CPU.Build.0 = Release|Any CPU
		{D70FCFF3-8DA0-496F-97E1-C0D621A74E31}.Debug|Any CPU.ActiveCfg = Debug|Any CPU
		{D70FCFF3-8DA0-496F-97E1-C0D621A74E31}.Debug|Any CPU.Build.0 = Debug|Any CPU
		{D70FCFF3-8DA0-496F-97E1-C0D621A74E31}.Release|Any CPU.ActiveCfg = Release|Any CPU
		{D70FCFF3-8DA0-496F-97E1-C0D621A74E31}.Release|Any CPU.Build.0 = Release|Any CPU
	EndGlobalSection
	GlobalSection(SolutionProperties) = preSolution
		HideSolutionNode = FALSE
	EndGlobalSection
	GlobalSection(ExtensibilityGlobals) = postSolution
		SolutionGuid = {5883630B-1980-4163-AD3D-523470CC171D}
	EndGlobalSection
EndGlobal
